{
  "name": "A4-SleepTracker",
  "lockfileVersion": 2,
  "requires": true,
  "packages": {
    "": {
      "dependencies": {
        "@capacitor/push-notifications": "^4.1.2",
        "@capacitor/share": "^4.1.0"
      }
    },
    "node_modules/@capacitor/core": {
      "version": "4.6.0",
      "resolved": "https://registry.npmjs.org/@capacitor/core/-/core-4.6.0.tgz",
      "integrity": "sha512-P8PfJB5rFSBU2wDZ5wVHTVFZxKweFrxz554+Fl/ymhhAxlxFJuF5nFIZyQgVq+A1yp/nCLzWOyPMC5OPD/um0g==",
      "peer": true,
      "dependencies": {
        "tslib": "^2.1.0"
      }
    },
    "node_modules/@capacitor/push-notifications": {
      "version": "4.1.2",
      "resolved": "https://registry.npmjs.org/@capacitor/push-notifications/-/push-notifications-4.1.2.tgz",
      "integrity": "sha512-ok6CGvedwK1azmf8VWhrNlg6jhi4PFz3HoyS0GNE2ew7+JGnxN77sgK5q1TVzdkge+vkqipO6uu5bD1xfj/pWQ==",
      "peerDependencies": {
        "@capacitor/core": "^4.0.0"
      }
    },
    "node_modules/@capacitor/share": {
      "version": "4.1.0",
      "resolved": "https://registry.npmjs.org/@capacitor/share/-/share-4.1.0.tgz",
      "integrity": "sha512-Gh/cgy7Ee+9fkhw+Q4+9s2S4HiC34/eLoaohqRg1ahtpqvTQ3qdInoEJ23FdILq5cLj2ZPpx2VuEXjpLKX1Z5A==",
      "peerDependencies": {
        "@capacitor/core": "^4.0.0"
      }
    },
    "node_modules/tslib": {
      "version": "2.4.1",
      "resolved": "https://registry.npmjs.org/tslib/-/tslib-2.4.1.tgz",
      "integrity": "sha512-tGyy4dAjRIEwI7BzsB0lynWgOpfqjUdq91XXAlIWD2OwKBH7oCl/GZG/HT4BOHrTlPMOASlMQ7veyTqpmRcrNA==",
      "peer": true
    }
  },
  "dependencies": {
    "@capacitor/core": {
      "version": "4.6.0",
      "resolved": "https://registry.npmjs.org/@capacitor/core/-/core-4.6.0.tgz",
      "integrity": "sha512-P8PfJB5rFSBU2wDZ5wVHTVFZxKweFrxz554+Fl/ymhhAxlxFJuF5nFIZyQgVq+A1yp/nCLzWOyPMC5OPD/um0g==",
      "peer": true,
      "requires": {
        "tslib": "^2.1.0"
      }
    },
    "@capacitor/push-notifications": {
      "version": "4.1.2",
      "resolved": "https://registry.npmjs.org/@capacitor/push-notifications/-/push-notifications-4.1.2.tgz",
      "integrity": "sha512-ok6CGvedwK1azmf8VWhrNlg6jhi4PFz3HoyS0GNE2ew7+JGnxN77sgK5q1TVzdkge+vkqipO6uu5bD1xfj/pWQ==",
      "requires": {}
    },
    "@capacitor/share": {
      "version": "4.1.0",
      "resolved": "https://registry.npmjs.org/@capacitor/share/-/share-4.1.0.tgz",
      "integrity": "sha512-Gh/cgy7Ee+9fkhw+Q4+9s2S4HiC34/eLoaohqRg1ahtpqvTQ3qdInoEJ23FdILq5cLj2ZPpx2VuEXjpLKX1Z5A==",
      "requires": {}
    },
    "tslib": {
      "version": "2.4.1",
      "resolved": "https://registry.npmjs.org/tslib/-/tslib-2.4.1.tgz",
      "integrity": "sha512-tGyy4dAjRIEwI7BzsB0lynWgOpfqjUdq91XXAlIWD2OwKBH7oCl/GZG/HT4BOHrTlPMOASlMQ7veyTqpmRcrNA==",
      "peer": true
    }
  }
}
